
Microsoft Visual Studio Solution File, Format Version 12.00
# Visual Studio Version 16
VisualStudioVersion = 16.0.31019.35
MinimumVisualStudioVersion = 10.0.40219.1
Project("{9A19103F-16F7-4668-BE54-9A1E7A4F7556}") = "Europorte.Microservices.EventSourcing.Common", "Europorte.Microservices.EventSourcing.Common\Europorte.Microservices.EventSourcing.Common.csproj", "{2825C2A3-78BD-4883-B019-53F006FE54F3}"
EndProject
Project("{FAE04EC0-301F-11D3-BF4B-00C04F79EFBC}") = "Dewisme.Vincent.ShoppingList.Domain", "Dewisme.Vincent.ShoppingList.Domain\Dewisme.Vincent.ShoppingList.Domain.csproj", "{8F0C209C-9319-4C76-959C-264F9B6D16CB}"
EndProject
Global
	GlobalSection(SolutionConfigurationPlatforms) = preSolution
		Debug|Any CPU = Debug|Any CPU
		Release|Any CPU = Release|Any CPU
	EndGlobalSection
	GlobalSection(ProjectConfigurationPlatforms) = postSolution
		{2825C2A3-78BD-4883-B019-53F006FE54F3}.Debug|Any CPU.ActiveCfg = Debug|Any CPU
		{2825C2A3-78BD-4883-B019-53F006FE54F3}.Debug|Any CPU.Build.0 = Debug|Any CPU
		{2825C2A3-78BD-4883-B019-53F006FE54F3}.Release|Any CPU.ActiveCfg = Release|Any CPU
		{2825C2A3-78BD-4883-B019-53F006FE54F3}.Release|Any CPU.Build.0 = Release|Any CPU
		{8F0C209C-9319-4C76-959C-264F9B6D16CB}.Debug|Any CPU.ActiveCfg = Debug|Any CPU
		{8F0C209C-9319-4C76-959C-264F9B6D16CB}.Debug|Any CPU.Build.0 = Debug|Any CPU
		{8F0C209C-9319-4C76-959C-264F9B6D16CB}.Release|Any CPU.ActiveCfg = Release|Any CPU
		{8F0C209C-9319-4C76-959C-264F9B6D16CB}.Release|Any CPU.Build.0 = Release|Any CPU
	EndGlobalSection
	GlobalSection(SolutionProperties) = preSolution
		HideSolutionNode = FALSE
	EndGlobalSection
	GlobalSection(ExtensibilityGlobals) = postSolution
		SolutionGuid = {056F8E3E-5D9F-4BB7-B5D5-367794FECD53}
	EndGlobalSection
EndGlobal
